{
  "nodes": {
    "bling": {
      "flake": false,
      "locked": {
        "lastModified": 1658565404,
        "narHash": "sha256-sUUMgdAmXAB/2ocwoo2OTZlWRbSRLdKi1oZB20qRNWU=",
        "owner": "BlingCorp",
        "repo": "bling",
        "rev": "70c894e58bb88dea55e9799ad373fdaea309da9e",
        "type": "github"
      },
      "original": {
        "owner": "BlingCorp",
        "repo": "bling",
        "rev": "70c894e58bb88dea55e9799ad373fdaea309da9e",
        "type": "github"
      }
    },
    "flake-compat": {
      "flake": false,
      "locked": {
        "lastModified": 1673956053,
        "narHash": "sha256-4gtG9iQuiKITOjNQQeQIpoIB6b16fm+504Ch3sNKLd8=",
        "owner": "edolstra",
        "repo": "flake-compat",
        "rev": "35bb57c0c8d8b62bbfd284272c928ceb64ddbde9",
        "type": "github"
      },
      "original": {
        "owner": "edolstra",
        "repo": "flake-compat",
        "type": "github"
      }
    },
    "flake-utils": {
      "inputs": {
        "systems": "systems"
      },
      "locked": {
        "lastModified": 1681202837,
        "narHash": "sha256-H+Rh19JDwRtpVPAWp64F+rlEtxUWBAQW28eAi3SRSzg=",
        "owner": "numtide",
        "repo": "flake-utils",
        "rev": "cfacdce06f30d2b68473a46042957675eebb3401",
        "type": "github"
      },
      "original": {
        "owner": "numtide",
        "repo": "flake-utils",
        "type": "github"
      }
    },
    "home-manager": {
      "inputs": {
        "nixpkgs": [
          "nixpkgs"
        ]
      },
      "locked": {
        "lastModified": 1695108154,
        "narHash": "sha256-gSg7UTVtls2yO9lKtP0yb66XBHT1Fx5qZSZbGMpSn2c=",
        "owner": "nix-community",
        "repo": "home-manager",
        "rev": "07682fff75d41f18327a871088d20af2710d4744",
        "type": "github"
      },
      "original": {
        "owner": "nix-community",
        "ref": "release-23.05",
        "repo": "home-manager",
        "type": "github"
      }
    },
    "layout-machi": {
      "flake": false,
      "locked": {
        "lastModified": 1656508961,
        "narHash": "sha256-3oC2DOqxp/Kpcrt2g+KxpfQkh9XSrTVSHZ7yxQblNeI=",
        "owner": "xinhaoyuan",
        "repo": "layout-machi",
        "rev": "d15b877fb5b0a5f90f010871c7dbfb163b874fe4",
        "type": "github"
      },
      "original": {
        "owner": "xinhaoyuan",
        "repo": "layout-machi",
        "rev": "d15b877fb5b0a5f90f010871c7dbfb163b874fe4",
        "type": "github"
      }
    },
    "nix-vscode-extensions": {
      "inputs": {
        "flake-compat": "flake-compat",
        "flake-utils": "flake-utils",
        "nixpkgs": "nixpkgs"
      },
      "locked": {
        "lastModified": 1695777563,
        "narHash": "sha256-eRYVpsEgU61yjBRdwEm+fvmwbl1had2GSULpAaB8KWI=",
        "owner": "nix-community",
        "repo": "nix-vscode-extensions",
        "rev": "c64fa1726fda5190c5f6fe0f1a76262cca1962cd",
        "type": "github"
      },
      "original": {
        "owner": "nix-community",
        "repo": "nix-vscode-extensions",
        "type": "github"
      }
    },
    "nixpkgs": {
      "locked": {
        "lastModified": 1684570954,
        "narHash": "sha256-FX5y4Sm87RWwfu9PI71XFvuRpZLowh00FQpIJ1WfXqE=",
        "owner": "NixOS",
        "repo": "nixpkgs",
        "rev": "3005f20ce0aaa58169cdee57c8aa12e5f1b6e1b3",
        "type": "github"
      },
      "original": {
        "owner": "NixOS",
        "ref": "nixos-unstable",
        "repo": "nixpkgs",
        "type": "github"
      }
    },
    "nixpkgs-unstable": {
      "locked": {
        "lastModified": 1695644571,
        "narHash": "sha256-asS9dCCdlt1lPq0DLwkVBbVoEKuEuz+Zi3DG7pR/RxA=",
        "owner": "nixos",
        "repo": "nixpkgs",
        "rev": "6500b4580c2a1f3d0f980d32d285739d8e156d92",
        "type": "github"
      },
      "original": {
        "owner": "nixos",
        "ref": "nixos-unstable",
        "repo": "nixpkgs",
        "type": "github"
      }
    },
    "nixpkgs_2": {
      "locked": {
        "lastModified": 1695559356,
        "narHash": "sha256-kXZ1pUoImD9OEbPCwpTz4tHsNTr4CIyIfXb3ocuR8sI=",
        "owner": "nixos",
        "repo": "nixpkgs",
        "rev": "261abe8a44a7e8392598d038d2e01f7b33cf26d0",
        "type": "github"
      },
      "original": {
        "owner": "nixos",
        "ref": "nixos-23.05",
        "repo": "nixpkgs",
        "type": "github"
      }
    },
    "nur": {
      "locked": {
        "lastModified": 1695800375,
        "narHash": "sha256-hGy0jsAuuDeRzxGorpiHD93jxBSDPNsNJt1/PYgduHk=",
        "owner": "nix-community",
        "repo": "NUR",
        "rev": "4ee195a8decb5f72b53b6293e0a0f1f066812941",
        "type": "github"
      },
      "original": {
        "owner": "nix-community",
        "repo": "NUR",
        "type": "github"
      }
    },
    "root": {
      "inputs": {
        "bling": "bling",
        "home-manager": "home-manager",
        "layout-machi": "layout-machi",
        "nix-vscode-extensions": "nix-vscode-extensions",
        "nixpkgs": "nixpkgs_2",
        "nixpkgs-unstable": "nixpkgs-unstable",
        "nur": "nur",
        "wsmcolor": "wsmcolor",
        "wsmupower": "wsmupower"
      }
    },
    "systems": {
      "locked": {
        "lastModified": 1681028828,
        "narHash": "sha256-Vy1rq5AaRuLzOxct8nz4T6wlgyUR7zLU309k9mBC768=",
        "owner": "nix-systems",
        "repo": "default",
        "rev": "da67096a3b9bf56a91d16901293e51ba5b49a27e",
        "type": "github"
      },
      "original": {
        "owner": "nix-systems",
        "repo": "default",
        "type": "github"
      }
    },
    "wsmcolor": {
      "flake": false,
      "locked": {
        "lastModified": 1652810463,
        "narHash": "sha256-nMD4UtToWKoZ3DX3GocQoBGJw9ZYRccNnNXuszjipxY=",
        "owner": "andOrlando",
        "repo": "color",
        "rev": "064459a663a717ab29e4c4efd54c9fc0a2e51d66",
        "type": "github"
      },
      "original": {
        "owner": "andOrlando",
        "repo": "color",
        "rev": "064459a663a717ab29e4c4efd54c9fc0a2e51d66",
        "type": "github"
      }
    },
    "wsmupower": {
      "flake": false,
      "locked": {
        "lastModified": 1629647896,
        "narHash": "sha256-ELNWKnwHDOxgC30xP3gTT1pYLZgGvGd9eVJKd5Ok98A=",
        "owner": "Aire-One",
        "repo": "awesome-battery_widget",
        "rev": "48b83f444d175496104f3b9ff36f1dff0473e01e",
        "type": "github"
      },
      "original": {
        "owner": "Aire-One",
        "repo": "awesome-battery_widget",
        "rev": "48b83f444d175496104f3b9ff36f1dff0473e01e",
        "type": "github"
      }
    }
  },
  "root": "root",
  "version": 7
}
