{
  "nodes": {
    "bling": {
      "flake": false,
      "locked": {
        "lastModified": 1658565404,
        "narHash": "sha256-sUUMgdAmXAB/2ocwoo2OTZlWRbSRLdKi1oZB20qRNWU=",
        "owner": "BlingCorp",
        "repo": "bling",
        "rev": "70c894e58bb88dea55e9799ad373fdaea309da9e",
        "type": "github"
      },
      "original": {
        "owner": "BlingCorp",
        "repo": "bling",
        "rev": "70c894e58bb88dea55e9799ad373fdaea309da9e",
        "type": "github"
      }
    },
    "flake-compat": {
      "flake": false,
      "locked": {
        "lastModified": 1673956053,
        "narHash": "sha256-4gtG9iQuiKITOjNQQeQIpoIB6b16fm+504Ch3sNKLd8=",
        "owner": "edolstra",
        "repo": "flake-compat",
        "rev": "35bb57c0c8d8b62bbfd284272c928ceb64ddbde9",
        "type": "github"
      },
      "original": {
        "owner": "edolstra",
        "repo": "flake-compat",
        "type": "github"
      }
    },
    "flake-utils": {
      "inputs": {
        "systems": "systems"
      },
      "locked": {
        "lastModified": 1681202837,
        "narHash": "sha256-H+Rh19JDwRtpVPAWp64F+rlEtxUWBAQW28eAi3SRSzg=",
        "owner": "numtide",
        "repo": "flake-utils",
        "rev": "cfacdce06f30d2b68473a46042957675eebb3401",
        "type": "github"
      },
      "original": {
        "owner": "numtide",
        "repo": "flake-utils",
        "type": "github"
      }
    },
    "home-manager": {
      "inputs": {
        "nixpkgs": [
          "nixpkgs"
        ]
      },
      "locked": {
        "lastModified": 1695108154,
        "narHash": "sha256-gSg7UTVtls2yO9lKtP0yb66XBHT1Fx5qZSZbGMpSn2c=",
        "owner": "nix-community",
        "repo": "home-manager",
        "rev": "07682fff75d41f18327a871088d20af2710d4744",
        "type": "github"
      },
      "original": {
        "owner": "nix-community",
        "ref": "release-23.05",
        "repo": "home-manager",
        "type": "github"
      }
    },
    "layout-machi": {
      "flake": false,
      "locked": {
        "lastModified": 1656508961,
        "narHash": "sha256-3oC2DOqxp/Kpcrt2g+KxpfQkh9XSrTVSHZ7yxQblNeI=",
        "owner": "xinhaoyuan",
        "repo": "layout-machi",
        "rev": "d15b877fb5b0a5f90f010871c7dbfb163b874fe4",
        "type": "github"
      },
      "original": {
        "owner": "xinhaoyuan",
        "repo": "layout-machi",
        "rev": "d15b877fb5b0a5f90f010871c7dbfb163b874fe4",
        "type": "github"
      }
    },
    "nix-vscode-extensions": {
      "inputs": {
        "flake-compat": "flake-compat",
        "flake-utils": "flake-utils",
        "nixpkgs": "nixpkgs"
      },
      "locked": {
        "lastModified": 1698974253,
        "narHash": "sha256-W35N4WjGHOguAd8pDMoxHPiACwoBiVo9WVs9iEYzPcg=",
        "owner": "nix-community",
        "repo": "nix-vscode-extensions",
        "rev": "2a6f98f0521813a35cc7c40674629b0a9f9add86",
        "type": "github"
      },
      "original": {
        "owner": "nix-community",
        "repo": "nix-vscode-extensions",
        "type": "github"
      }
    },
    "nixpkgs": {
      "locked": {
        "lastModified": 1684570954,
        "narHash": "sha256-FX5y4Sm87RWwfu9PI71XFvuRpZLowh00FQpIJ1WfXqE=",
        "owner": "NixOS",
        "repo": "nixpkgs",
        "rev": "3005f20ce0aaa58169cdee57c8aa12e5f1b6e1b3",
        "type": "github"
      },
      "original": {
        "owner": "NixOS",
        "ref": "nixos-unstable",
        "repo": "nixpkgs",
        "type": "github"
      }
    },
    "nixpkgs-unstable": {
      "locked": {
        "lastModified": 1698924604,
        "narHash": "sha256-GCFbkl2tj8fEZBZCw3Tc0AkGo0v+YrQlohhEGJ/X4s0=",
        "owner": "nixos",
        "repo": "nixpkgs",
        "rev": "fa804edfb7869c9fb230e174182a8a1a7e512c40",
        "type": "github"
      },
      "original": {
        "owner": "nixos",
        "ref": "nixos-unstable",
        "repo": "nixpkgs",
        "type": "github"
      }
    },
    "nixpkgs_2": {
      "locked": {
        "lastModified": 1698846319,
        "narHash": "sha256-4jyW/dqFBVpWFnhl0nvP6EN4lP7/ZqPxYRjl6var0Oc=",
        "owner": "nixos",
        "repo": "nixpkgs",
        "rev": "34bdaaf1f0b7fb6d9091472edc968ff10a8c2857",
        "type": "github"
      },
      "original": {
        "owner": "nixos",
        "ref": "nixos-23.05",
        "repo": "nixpkgs",
        "type": "github"
      }
    },
    "nur": {
      "locked": {
        "lastModified": 1698998629,
        "narHash": "sha256-GTtpmmkfmNXLnyNfMN+g1kz1KAzaAABG5WJbywSM7yI=",
        "owner": "nix-community",
        "repo": "NUR",
        "rev": "77be844f9f98a9abd055dca953f60a15f4f457e3",
        "type": "github"
      },
      "original": {
        "owner": "nix-community",
        "repo": "NUR",
        "type": "github"
      }
    },
    "root": {
      "inputs": {
        "bling": "bling",
        "home-manager": "home-manager",
        "layout-machi": "layout-machi",
        "nix-vscode-extensions": "nix-vscode-extensions",
        "nixpkgs": "nixpkgs_2",
        "nixpkgs-unstable": "nixpkgs-unstable",
        "nur": "nur",
        "wsmcolor": "wsmcolor",
        "wsmupower": "wsmupower"
      }
    },
    "systems": {
      "locked": {
        "lastModified": 1681028828,
        "narHash": "sha256-Vy1rq5AaRuLzOxct8nz4T6wlgyUR7zLU309k9mBC768=",
        "owner": "nix-systems",
        "repo": "default",
        "rev": "da67096a3b9bf56a91d16901293e51ba5b49a27e",
        "type": "github"
      },
      "original": {
        "owner": "nix-systems",
        "repo": "default",
        "type": "github"
      }
    },
    "wsmcolor": {
      "flake": false,
      "locked": {
        "lastModified": 1652810463,
        "narHash": "sha256-nMD4UtToWKoZ3DX3GocQoBGJw9ZYRccNnNXuszjipxY=",
        "owner": "andOrlando",
        "repo": "color",
        "rev": "064459a663a717ab29e4c4efd54c9fc0a2e51d66",
        "type": "github"
      },
      "original": {
        "owner": "andOrlando",
        "repo": "color",
        "rev": "064459a663a717ab29e4c4efd54c9fc0a2e51d66",
        "type": "github"
      }
    },
    "wsmupower": {
      "flake": false,
      "locked": {
        "lastModified": 1629647896,
        "narHash": "sha256-ELNWKnwHDOxgC30xP3gTT1pYLZgGvGd9eVJKd5Ok98A=",
        "owner": "Aire-One",
        "repo": "awesome-battery_widget",
        "rev": "48b83f444d175496104f3b9ff36f1dff0473e01e",
        "type": "github"
      },
      "original": {
        "owner": "Aire-One",
        "repo": "awesome-battery_widget",
        "rev": "48b83f444d175496104f3b9ff36f1dff0473e01e",
        "type": "github"
      }
    }
  },
  "root": "root",
  "version": 7
}
