{
  "nodes": {
    "bling": {
      "flake": false,
      "locked": {
        "lastModified": 1658565404,
        "narHash": "sha256-sUUMgdAmXAB/2ocwoo2OTZlWRbSRLdKi1oZB20qRNWU=",
        "owner": "BlingCorp",
        "repo": "bling",
        "rev": "70c894e58bb88dea55e9799ad373fdaea309da9e",
        "type": "github"
      },
      "original": {
        "owner": "BlingCorp",
        "repo": "bling",
        "rev": "70c894e58bb88dea55e9799ad373fdaea309da9e",
        "type": "github"
      }
    },
    "flake-compat": {
      "flake": false,
      "locked": {
        "lastModified": 1673956053,
        "narHash": "sha256-4gtG9iQuiKITOjNQQeQIpoIB6b16fm+504Ch3sNKLd8=",
        "owner": "edolstra",
        "repo": "flake-compat",
        "rev": "35bb57c0c8d8b62bbfd284272c928ceb64ddbde9",
        "type": "github"
      },
      "original": {
        "owner": "edolstra",
        "repo": "flake-compat",
        "type": "github"
      }
    },
    "flake-utils": {
      "inputs": {
        "systems": "systems"
      },
      "locked": {
        "lastModified": 1681202837,
        "narHash": "sha256-H+Rh19JDwRtpVPAWp64F+rlEtxUWBAQW28eAi3SRSzg=",
        "owner": "numtide",
        "repo": "flake-utils",
        "rev": "cfacdce06f30d2b68473a46042957675eebb3401",
        "type": "github"
      },
      "original": {
        "owner": "numtide",
        "repo": "flake-utils",
        "type": "github"
      }
    },
    "home-manager": {
      "inputs": {
        "nixpkgs": [
          "nixpkgs"
        ]
      },
      "locked": {
        "lastModified": 1700814205,
        "narHash": "sha256-lWqDPKHRbQfi+zNIivf031BUeyciVOtwCwTjyrhDB5g=",
        "owner": "nix-community",
        "repo": "home-manager",
        "rev": "aeb2232d7a32530d3448318790534d196bf9427a",
        "type": "github"
      },
      "original": {
        "owner": "nix-community",
        "ref": "release-23.11",
        "repo": "home-manager",
        "type": "github"
      }
    },
    "layout-machi": {
      "flake": false,
      "locked": {
        "lastModified": 1656508961,
        "narHash": "sha256-3oC2DOqxp/Kpcrt2g+KxpfQkh9XSrTVSHZ7yxQblNeI=",
        "owner": "xinhaoyuan",
        "repo": "layout-machi",
        "rev": "d15b877fb5b0a5f90f010871c7dbfb163b874fe4",
        "type": "github"
      },
      "original": {
        "owner": "xinhaoyuan",
        "repo": "layout-machi",
        "rev": "d15b877fb5b0a5f90f010871c7dbfb163b874fe4",
        "type": "github"
      }
    },
    "nix-vscode-extensions": {
      "inputs": {
        "flake-compat": "flake-compat",
        "flake-utils": "flake-utils",
        "nixpkgs": "nixpkgs"
      },
      "locked": {
        "lastModified": 1701825722,
        "narHash": "sha256-vpT4hY8DDu39b9AMKCJIEVgQSfm+QKDGUjpVPFxNhTs=",
        "owner": "nix-community",
        "repo": "nix-vscode-extensions",
        "rev": "8f5a362c9ea3824d70458485abf9d162b8765034",
        "type": "github"
      },
      "original": {
        "owner": "nix-community",
        "repo": "nix-vscode-extensions",
        "type": "github"
      }
    },
    "nixpkgs": {
      "locked": {
        "lastModified": 1684570954,
        "narHash": "sha256-FX5y4Sm87RWwfu9PI71XFvuRpZLowh00FQpIJ1WfXqE=",
        "owner": "NixOS",
        "repo": "nixpkgs",
        "rev": "3005f20ce0aaa58169cdee57c8aa12e5f1b6e1b3",
        "type": "github"
      },
      "original": {
        "owner": "NixOS",
        "ref": "nixos-unstable",
        "repo": "nixpkgs",
        "type": "github"
      }
    },
    "nixpkgs-unstable": {
      "locked": {
        "lastModified": 1701436327,
        "narHash": "sha256-tRHbnoNI8SIM5O5xuxOmtSLnswEByzmnQcGGyNRjxsE=",
        "owner": "nixos",
        "repo": "nixpkgs",
        "rev": "91050ea1e57e50388fa87a3302ba12d188ef723a",
        "type": "github"
      },
      "original": {
        "owner": "nixos",
        "ref": "nixos-unstable",
        "repo": "nixpkgs",
        "type": "github"
      }
    },
    "nixpkgs_2": {
      "locked": {
        "lastModified": 1701539137,
        "narHash": "sha256-nVO/5QYpf1GwjvtpXhyxx5M3U/WN0MwBro4Lsk+9mL0=",
        "owner": "nixos",
        "repo": "nixpkgs",
        "rev": "933d7dc155096e7575d207be6fb7792bc9f34f6d",
        "type": "github"
      },
      "original": {
        "owner": "nixos",
        "ref": "nixos-23.11",
        "repo": "nixpkgs",
        "type": "github"
      }
    },
    "nur": {
      "locked": {
        "lastModified": 1701826168,
        "narHash": "sha256-e+0bkY6BkBuk2/ALCtDsi+eV7jIdRcllICckrCYaM2o=",
        "owner": "nix-community",
        "repo": "NUR",
        "rev": "2e83dd29ad04000515593f32de01d6e7ae9f63bc",
        "type": "github"
      },
      "original": {
        "owner": "nix-community",
        "repo": "NUR",
        "type": "github"
      }
    },
    "root": {
      "inputs": {
        "bling": "bling",
        "home-manager": "home-manager",
        "layout-machi": "layout-machi",
        "nix-vscode-extensions": "nix-vscode-extensions",
        "nixpkgs": "nixpkgs_2",
        "nixpkgs-unstable": "nixpkgs-unstable",
        "nur": "nur",
        "wsmcolor": "wsmcolor",
        "wsmupower": "wsmupower"
      }
    },
    "systems": {
      "locked": {
        "lastModified": 1681028828,
        "narHash": "sha256-Vy1rq5AaRuLzOxct8nz4T6wlgyUR7zLU309k9mBC768=",
        "owner": "nix-systems",
        "repo": "default",
        "rev": "da67096a3b9bf56a91d16901293e51ba5b49a27e",
        "type": "github"
      },
      "original": {
        "owner": "nix-systems",
        "repo": "default",
        "type": "github"
      }
    },
    "wsmcolor": {
      "flake": false,
      "locked": {
        "lastModified": 1652810463,
        "narHash": "sha256-nMD4UtToWKoZ3DX3GocQoBGJw9ZYRccNnNXuszjipxY=",
        "owner": "andOrlando",
        "repo": "color",
        "rev": "064459a663a717ab29e4c4efd54c9fc0a2e51d66",
        "type": "github"
      },
      "original": {
        "owner": "andOrlando",
        "repo": "color",
        "rev": "064459a663a717ab29e4c4efd54c9fc0a2e51d66",
        "type": "github"
      }
    },
    "wsmupower": {
      "flake": false,
      "locked": {
        "lastModified": 1629647896,
        "narHash": "sha256-ELNWKnwHDOxgC30xP3gTT1pYLZgGvGd9eVJKd5Ok98A=",
        "owner": "Aire-One",
        "repo": "awesome-battery_widget",
        "rev": "48b83f444d175496104f3b9ff36f1dff0473e01e",
        "type": "github"
      },
      "original": {
        "owner": "Aire-One",
        "repo": "awesome-battery_widget",
        "rev": "48b83f444d175496104f3b9ff36f1dff0473e01e",
        "type": "github"
      }
    }
  },
  "root": "root",
  "version": 7
}
